
Microsoft Visual Studio Solution File, Format Version 11.00
# Visual Studio 2010
Project("{FAE04EC0-301F-11D3-BF4B-00C04F79EFBC}") = "MonkeyWrench.Scheduler", "MonkeyWrench.Scheduler\MonkeyWrench.Scheduler.csproj", "{D78E8A6F-2A80-4F3C-8F4F-42C1043ED5E2}"
EndProject
Project("{FAE04EC0-301F-11D3-BF4B-00C04F79EFBC}") = "MonkeyWrench", "MonkeyWrench\MonkeyWrench.csproj", "{EBFBC3BF-10E1-4482-B9BE-A516934C099A}"
EndProject
Project("{FAE04EC0-301F-11D3-BF4B-00C04F79EFBC}") = "MonkeyWrench.DataClasses", "MonkeyWrench.DataClasses\MonkeyWrench.DataClasses.csproj", "{A461423E-8232-42D6-AA34-8DEC97F6D8F8}"
EndProject
Project("{FAE04EC0-301F-11D3-BF4B-00C04F79EFBC}") = "MonkeyWrench.Builder", "MonkeyWrench.Builder\MonkeyWrench.Builder.csproj", "{8E126CCA-C7B2-4108-99F0-1F675C23A69B}"
EndProject
Project("{FAE04EC0-301F-11D3-BF4B-00C04F79EFBC}") = "MonkeyWrench.Web.UI", "MonkeyWrench.Web.UI\MonkeyWrench.Web.UI.csproj", "{01AAA129-3B2B-4093-A7B4-6153B6BEBED4}"
EndProject
Project("{FAE04EC0-301F-11D3-BF4B-00C04F79EFBC}") = "MonkeyWrench.Web.WebService", "MonkeyWrench.Web.WebService\MonkeyWrench.Web.WebService.csproj", "{86D06788-14A7-4962-88F0-FB58B7D34FF1}"
EndProject
Project("{FAE04EC0-301F-11D3-BF4B-00C04F79EFBC}") = "MonkeyWrench.Database", "MonkeyWrench.Database\MonkeyWrench.Database.csproj", "{1C38937B-F45F-4EB1-B4D1-893FF684C525}"
EndProject
Project("{FAE04EC0-301F-11D3-BF4B-00C04F79EFBC}") = "MonkeyWrench.Database.Manager", "MonkeyWrench.Database.Manager\MonkeyWrench.Database.Manager.csproj", "{71ACDF37-9696-42B8-B15A-5178C0C8F0E1}"
EndProject
Project("{FAE04EC0-301F-11D3-BF4B-00C04F79EFBC}") = "MonkeyWrench.Test", "MonkeyWrench.Test\MonkeyWrench.Test.csproj", "{3737EDC2-5785-424C-92BC-7013B931AF21}"
EndProject
Project("{FAE04EC0-301F-11D3-BF4B-00C04F79EFBC}") = "SmartIrc4net", "SmartIrc4net\SmartIrc4net-0.4.0-src\VisualStudio\2010\SmartIrc4net.csproj", "{19607F57-B521-4477-9DE0-F0D9B1A68BC7}"
EndProject
Project("{FAE04EC0-301F-11D3-BF4B-00C04F79EFBC}") = "MonkeyWrench.CleanFiles", "MonkeyWrench.CleanFiles\MonkeyWrench.CleanFiles.csproj", "{23DDF831-ACD5-4530-949F-C12D3EF8F7AB}"
EndProject
Global
	GlobalSection(SolutionConfigurationPlatforms) = preSolution
		Debug|Any CPU = Debug|Any CPU
		Debug|Mixed Platforms = Debug|Mixed Platforms
		Debug|x86 = Debug|x86
		Release|Any CPU = Release|Any CPU
		Release|Mixed Platforms = Release|Mixed Platforms
		Release|x86 = Release|x86
	EndGlobalSection
	GlobalSection(ProjectConfigurationPlatforms) = postSolution
		{D78E8A6F-2A80-4F3C-8F4F-42C1043ED5E2}.Debug|Any CPU.ActiveCfg = Debug|Any CPU
		{D78E8A6F-2A80-4F3C-8F4F-42C1043ED5E2}.Debug|Any CPU.Build.0 = Debug|Any CPU
		{D78E8A6F-2A80-4F3C-8F4F-42C1043ED5E2}.Debug|Mixed Platforms.ActiveCfg = Debug|Any CPU
		{D78E8A6F-2A80-4F3C-8F4F-42C1043ED5E2}.Debug|Mixed Platforms.Build.0 = Debug|Any CPU
		{D78E8A6F-2A80-4F3C-8F4F-42C1043ED5E2}.Debug|x86.ActiveCfg = Debug|Any CPU
		{D78E8A6F-2A80-4F3C-8F4F-42C1043ED5E2}.Release|Any CPU.ActiveCfg = Release|Any CPU
		{D78E8A6F-2A80-4F3C-8F4F-42C1043ED5E2}.Release|Any CPU.Build.0 = Release|Any CPU
		{D78E8A6F-2A80-4F3C-8F4F-42C1043ED5E2}.Release|Mixed Platforms.ActiveCfg = Release|Any CPU
		{D78E8A6F-2A80-4F3C-8F4F-42C1043ED5E2}.Release|Mixed Platforms.Build.0 = Release|Any CPU
		{D78E8A6F-2A80-4F3C-8F4F-42C1043ED5E2}.Release|x86.ActiveCfg = Release|Any CPU
		{EBFBC3BF-10E1-4482-B9BE-A516934C099A}.Debug|Any CPU.ActiveCfg = Debug|Any CPU
		{EBFBC3BF-10E1-4482-B9BE-A516934C099A}.Debug|Any CPU.Build.0 = Debug|Any CPU
		{EBFBC3BF-10E1-4482-B9BE-A516934C099A}.Debug|Mixed Platforms.ActiveCfg = Debug|Any CPU
		{EBFBC3BF-10E1-4482-B9BE-A516934C099A}.Debug|Mixed Platforms.Build.0 = Debug|Any CPU
		{EBFBC3BF-10E1-4482-B9BE-A516934C099A}.Debug|x86.ActiveCfg = Debug|Any CPU
		{EBFBC3BF-10E1-4482-B9BE-A516934C099A}.Release|Any CPU.ActiveCfg = Release|Any CPU
		{EBFBC3BF-10E1-4482-B9BE-A516934C099A}.Release|Any CPU.Build.0 = Release|Any CPU
		{EBFBC3BF-10E1-4482-B9BE-A516934C099A}.Release|Mixed Platforms.ActiveCfg = Release|Any CPU
		{EBFBC3BF-10E1-4482-B9BE-A516934C099A}.Release|Mixed Platforms.Build.0 = Release|Any CPU
		{EBFBC3BF-10E1-4482-B9BE-A516934C099A}.Release|x86.ActiveCfg = Release|Any CPU
		{A461423E-8232-42D6-AA34-8DEC97F6D8F8}.Debug|Any CPU.ActiveCfg = Debug|Any CPU
		{A461423E-8232-42D6-AA34-8DEC97F6D8F8}.Debug|Any CPU.Build.0 = Debug|Any CPU
		{A461423E-8232-42D6-AA34-8DEC97F6D8F8}.Debug|Mixed Platforms.ActiveCfg = Debug|Any CPU
		{A461423E-8232-42D6-AA34-8DEC97F6D8F8}.Debug|Mixed Platforms.Build.0 = Debug|Any CPU
		{A461423E-8232-42D6-AA34-8DEC97F6D8F8}.Debug|x86.ActiveCfg = Debug|Any CPU
		{A461423E-8232-42D6-AA34-8DEC97F6D8F8}.Release|Any CPU.ActiveCfg = Release|Any CPU
		{A461423E-8232-42D6-AA34-8DEC97F6D8F8}.Release|Any CPU.Build.0 = Release|Any CPU
		{A461423E-8232-42D6-AA34-8DEC97F6D8F8}.Release|Mixed Platforms.ActiveCfg = Release|Any CPU
		{A461423E-8232-42D6-AA34-8DEC97F6D8F8}.Release|Mixed Platforms.Build.0 = Release|Any CPU
		{A461423E-8232-42D6-AA34-8DEC97F6D8F8}.Release|x86.ActiveCfg = Release|Any CPU
		{8E126CCA-C7B2-4108-99F0-1F675C23A69B}.Debug|Any CPU.ActiveCfg = Debug|Any CPU
		{8E126CCA-C7B2-4108-99F0-1F675C23A69B}.Debug|Any CPU.Build.0 = Debug|Any CPU
		{8E126CCA-C7B2-4108-99F0-1F675C23A69B}.Debug|Mixed Platforms.ActiveCfg = Debug|Any CPU
		{8E126CCA-C7B2-4108-99F0-1F675C23A69B}.Debug|Mixed Platforms.Build.0 = Debug|Any CPU
		{8E126CCA-C7B2-4108-99F0-1F675C23A69B}.Debug|x86.ActiveCfg = Debug|Any CPU
		{8E126CCA-C7B2-4108-99F0-1F675C23A69B}.Release|Any CPU.ActiveCfg = Release|Any CPU
		{8E126CCA-C7B2-4108-99F0-1F675C23A69B}.Release|Any CPU.Build.0 = Release|Any CPU
		{8E126CCA-C7B2-4108-99F0-1F675C23A69B}.Release|Mixed Platforms.ActiveCfg = Release|Any CPU
		{8E126CCA-C7B2-4108-99F0-1F675C23A69B}.Release|Mixed Platforms.Build.0 = Release|Any CPU
		{8E126CCA-C7B2-4108-99F0-1F675C23A69B}.Release|x86.ActiveCfg = Release|Any CPU
		{01AAA129-3B2B-4093-A7B4-6153B6BEBED4}.Debug|Any CPU.ActiveCfg = Debug|Any CPU
		{01AAA129-3B2B-4093-A7B4-6153B6BEBED4}.Debug|Any CPU.Build.0 = Debug|Any CPU
		{01AAA129-3B2B-4093-A7B4-6153B6BEBED4}.Debug|Mixed Platforms.ActiveCfg = Debug|Any CPU
		{01AAA129-3B2B-4093-A7B4-6153B6BEBED4}.Debug|Mixed Platforms.Build.0 = Debug|Any CPU
		{01AAA129-3B2B-4093-A7B4-6153B6BEBED4}.Debug|x86.ActiveCfg = Debug|Any CPU
		{01AAA129-3B2B-4093-A7B4-6153B6BEBED4}.Release|Any CPU.ActiveCfg = Release|Any CPU
		{01AAA129-3B2B-4093-A7B4-6153B6BEBED4}.Release|Any CPU.Build.0 = Release|Any CPU
		{01AAA129-3B2B-4093-A7B4-6153B6BEBED4}.Release|Mixed Platforms.ActiveCfg = Release|Any CPU
		{01AAA129-3B2B-4093-A7B4-6153B6BEBED4}.Release|Mixed Platforms.Build.0 = Release|Any CPU
		{01AAA129-3B2B-4093-A7B4-6153B6BEBED4}.Release|x86.ActiveCfg = Release|Any CPU
		{86D06788-14A7-4962-88F0-FB58B7D34FF1}.Debug|Any CPU.ActiveCfg = Debug|Any CPU
		{86D06788-14A7-4962-88F0-FB58B7D34FF1}.Debug|Any CPU.Build.0 = Debug|Any CPU
		{86D06788-14A7-4962-88F0-FB58B7D34FF1}.Debug|Mixed Platforms.ActiveCfg = Debug|Any CPU
		{86D06788-14A7-4962-88F0-FB58B7D34FF1}.Debug|Mixed Platforms.Build.0 = Debug|Any CPU
		{86D06788-14A7-4962-88F0-FB58B7D34FF1}.Debug|x86.ActiveCfg = Debug|Any CPU
		{86D06788-14A7-4962-88F0-FB58B7D34FF1}.Release|Any CPU.ActiveCfg = Release|Any CPU
		{86D06788-14A7-4962-88F0-FB58B7D34FF1}.Release|Any CPU.Build.0 = Release|Any CPU
		{86D06788-14A7-4962-88F0-FB58B7D34FF1}.Release|Mixed Platforms.ActiveCfg = Release|Any CPU
		{86D06788-14A7-4962-88F0-FB58B7D34FF1}.Release|Mixed Platforms.Build.0 = Release|Any CPU
		{86D06788-14A7-4962-88F0-FB58B7D34FF1}.Release|x86.ActiveCfg = Release|Any CPU
		{1C38937B-F45F-4EB1-B4D1-893FF684C525}.Debug|Any CPU.ActiveCfg = Debug|Any CPU
		{1C38937B-F45F-4EB1-B4D1-893FF684C525}.Debug|Any CPU.Build.0 = Debug|Any CPU
		{1C38937B-F45F-4EB1-B4D1-893FF684C525}.Debug|Mixed Platforms.ActiveCfg = Debug|Any CPU
		{1C38937B-F45F-4EB1-B4D1-893FF684C525}.Debug|Mixed Platforms.Build.0 = Debug|Any CPU
		{1C38937B-F45F-4EB1-B4D1-893FF684C525}.Debug|x86.ActiveCfg = Debug|Any CPU
		{1C38937B-F45F-4EB1-B4D1-893FF684C525}.Release|Any CPU.ActiveCfg = Release|Any CPU
		{1C38937B-F45F-4EB1-B4D1-893FF684C525}.Release|Any CPU.Build.0 = Release|Any CPU
		{1C38937B-F45F-4EB1-B4D1-893FF684C525}.Release|Mixed Platforms.ActiveCfg = Release|Any CPU
		{1C38937B-F45F-4EB1-B4D1-893FF684C525}.Release|Mixed Platforms.Build.0 = Release|Any CPU
		{1C38937B-F45F-4EB1-B4D1-893FF684C525}.Release|x86.ActiveCfg = Release|Any CPU
		{71ACDF37-9696-42B8-B15A-5178C0C8F0E1}.Debug|Any CPU.ActiveCfg = Debug|Any CPU
		{71ACDF37-9696-42B8-B15A-5178C0C8F0E1}.Debug|Any CPU.Build.0 = Debug|Any CPU
		{71ACDF37-9696-42B8-B15A-5178C0C8F0E1}.Debug|Mixed Platforms.ActiveCfg = Debug|Any CPU
		{71ACDF37-9696-42B8-B15A-5178C0C8F0E1}.Debug|Mixed Platforms.Build.0 = Debug|Any CPU
		{71ACDF37-9696-42B8-B15A-5178C0C8F0E1}.Debug|x86.ActiveCfg = Debug|Any CPU
		{71ACDF37-9696-42B8-B15A-5178C0C8F0E1}.Release|Any CPU.ActiveCfg = Release|Any CPU
		{71ACDF37-9696-42B8-B15A-5178C0C8F0E1}.Release|Any CPU.Build.0 = Release|Any CPU
		{71ACDF37-9696-42B8-B15A-5178C0C8F0E1}.Release|Mixed Platforms.ActiveCfg = Release|Any CPU
		{71ACDF37-9696-42B8-B15A-5178C0C8F0E1}.Release|Mixed Platforms.Build.0 = Release|Any CPU
		{71ACDF37-9696-42B8-B15A-5178C0C8F0E1}.Release|x86.ActiveCfg = Release|Any CPU
		{3737EDC2-5785-424C-92BC-7013B931AF21}.Debug|Any CPU.ActiveCfg = Debug|Any CPU
		{3737EDC2-5785-424C-92BC-7013B931AF21}.Debug|Any CPU.Build.0 = Debug|Any CPU
		{3737EDC2-5785-424C-92BC-7013B931AF21}.Debug|Mixed Platforms.ActiveCfg = Debug|Any CPU
		{3737EDC2-5785-424C-92BC-7013B931AF21}.Debug|Mixed Platforms.Build.0 = Debug|Any CPU
		{3737EDC2-5785-424C-92BC-7013B931AF21}.Debug|x86.ActiveCfg = Debug|Any CPU
		{3737EDC2-5785-424C-92BC-7013B931AF21}.Release|Any CPU.ActiveCfg = Release|Any CPU
		{3737EDC2-5785-424C-92BC-7013B931AF21}.Release|Any CPU.Build.0 = Release|Any CPU
		{3737EDC2-5785-424C-92BC-7013B931AF21}.Release|Mixed Platforms.ActiveCfg = Release|Any CPU
		{3737EDC2-5785-424C-92BC-7013B931AF21}.Release|Mixed Platforms.Build.0 = Release|Any CPU
		{3737EDC2-5785-424C-92BC-7013B931AF21}.Release|x86.ActiveCfg = Release|Any CPU
		{19607F57-B521-4477-9DE0-F0D9B1A68BC7}.Debug|Any CPU.ActiveCfg = Debug|Any CPU
		{19607F57-B521-4477-9DE0-F0D9B1A68BC7}.Debug|Any CPU.Build.0 = Debug|Any CPU
		{19607F57-B521-4477-9DE0-F0D9B1A68BC7}.Debug|Mixed Platforms.ActiveCfg = Debug|Any CPU
		{19607F57-B521-4477-9DE0-F0D9B1A68BC7}.Debug|Mixed Platforms.Build.0 = Debug|Any CPU
		{19607F57-B521-4477-9DE0-F0D9B1A68BC7}.Debug|x86.ActiveCfg = Debug|Any CPU
		{19607F57-B521-4477-9DE0-F0D9B1A68BC7}.Release|Any CPU.ActiveCfg = Release|Any CPU
		{19607F57-B521-4477-9DE0-F0D9B1A68BC7}.Release|Any CPU.Build.0 = Release|Any CPU
		{19607F57-B521-4477-9DE0-F0D9B1A68BC7}.Release|Mixed Platforms.ActiveCfg = Release|Any CPU
		{19607F57-B521-4477-9DE0-F0D9B1A68BC7}.Release|Mixed Platforms.Build.0 = Release|Any CPU
		{19607F57-B521-4477-9DE0-F0D9B1A68BC7}.Release|x86.ActiveCfg = Release|Any CPU
		{23DDF831-ACD5-4530-949F-C12D3EF8F7AB}.Debug|Any CPU.ActiveCfg = Debug|x86
		{23DDF831-ACD5-4530-949F-C12D3EF8F7AB}.Debug|Mixed Platforms.ActiveCfg = Debug|x86
		{23DDF831-ACD5-4530-949F-C12D3EF8F7AB}.Debug|Mixed Platforms.Build.0 = Debug|x86
		{23DDF831-ACD5-4530-949F-C12D3EF8F7AB}.Debug|x86.ActiveCfg = Debug|x86
		{23DDF831-ACD5-4530-949F-C12D3EF8F7AB}.Debug|x86.Build.0 = Debug|x86
		{23DDF831-ACD5-4530-949F-C12D3EF8F7AB}.Release|Any CPU.ActiveCfg = Release|x86
		{23DDF831-ACD5-4530-949F-C12D3EF8F7AB}.Release|Mixed Platforms.ActiveCfg = Release|x86
		{23DDF831-ACD5-4530-949F-C12D3EF8F7AB}.Release|Mixed Platforms.Build.0 = Release|x86
		{23DDF831-ACD5-4530-949F-C12D3EF8F7AB}.Release|x86.ActiveCfg = Release|x86
		{23DDF831-ACD5-4530-949F-C12D3EF8F7AB}.Release|x86.Build.0 = Release|x86
	EndGlobalSection
	GlobalSection(SolutionProperties) = preSolution
		HideSolutionNode = FALSE
	EndGlobalSection
	GlobalSection(MonoDevelopProperties) = preSolution
		version = 0.1
		StartupItem = Builder.csproj
		Policies = $0
		$0.VersionControlPolicy = $1
		$1.CommitMessageStyle = $2
		$2.Header = @${Date:yyyy-MM-dd}  ${AuthorName}  <${AuthorEmail}>\n\n
		$2.Indent = @\t
		$1.inheritsSet = Mono
		$0.ChangeLogPolicy = $3
		$3.UpdateMode = Nearest
		$3.VcsIntegration = RequireEntry
		$3.inheritsSet = Mono
	EndGlobalSection
EndGlobal
